// !$*UTF8*$!
{
	archiveVersion = 1;
	classes = {
	};
	objectVersion = 50;
	objects = {

/* Begin PBXBuildFile section */
		AE017BA92573C4F1009456A4 /* CustomTabBarApp.swift in Sources */ = {isa = PBXBuildFile; fileRef = AE017BA82573C4F1009456A4 /* CustomTabBarApp.swift */; };
		AE017BAB2573C4F1009456A4 /* ContentView.swift in Sources */ = {isa = PBXBuildFile; fileRef = AE017BAA2573C4F1009456A4 /* ContentView.swift */; };
		AE017BAD2573C4F3009456A4 /* Assets.xcassets in Resources */ = {isa = PBXBuildFile; fileRef = AE017BAC2573C4F3009456A4 /* Assets.xcassets */; };
		AE017BB02573C4F3009456A4 /* Preview Assets.xcassets in Resources */ = {isa = PBXBuildFile; fileRef = AE017BAF2573C4F3009456A4 /* Preview Assets.xcassets */; };
		AE017BBB2573C4F4009456A4 /* CustomTabBarTests.swift in Sources */ = {isa = PBXBuildFile; fileRef = AE017BBA2573C4F4009456A4 /* CustomTabBarTests.swift */; };
		AE017BC62573C4F4009456A4 /* CustomTabBarUITests.swift in Sources */ = {isa = PBXBuildFile; fileRef = AE017BC52573C4F4009456A4 /* CustomTabBarUITests.swift */; };
		AE017BDF2573C579009456A4 /* FirstView.swift in Sources */ = {isa = PBXBuildFile; fileRef = AE017BDE2573C579009456A4 /* FirstView.swift */; };
		AE017BE42573C582009456A4 /* SecondView.swift in Sources */ = {isa = PBXBuildFile; fileRef = AE017BE32573C582009456A4 /* SecondView.swift */; };
		AE017BE92573C58C009456A4 /* PushedView.swift in Sources */ = {isa = PBXBuildFile; fileRef = AE017BE82573C58C009456A4 /* PushedView.swift */; };
/* End PBXBuildFile section */

/* Begin PBXContainerItemProxy section */
		AE017BB72573C4F4009456A4 /* PBXContainerItemProxy */ = {
			isa = PBXContainerItemProxy;
			containerPortal = AE017B9D2573C4F1009456A4 /* Project object */;
			proxyType = 1;
			remoteGlobalIDString = AE017BA42573C4F1009456A4;
			remoteInfo = CustomTabBar;
		};
		AE017BC22573C4F4009456A4 /* PBXContainerItemProxy */ = {
			isa = PBXContainerItemProxy;
			containerPortal = AE017B9D2573C4F1009456A4 /* Project object */;
			proxyType = 1;
			remoteGlobalIDString = AE017BA42573C4F1009456A4;
			remoteInfo = CustomTabBar;
		};
/* End PBXContainerItemProxy section */

/* Begin PBXFileReference section */
		AE017BA52573C4F1009456A4 /* CustomTabBar.app */ = {isa = PBXFileReference; explicitFileType = wrapper.application; includeInIndex = 0; path = CustomTabBar.app; sourceTree = BUILT_PRODUCTS_DIR; };
		AE017BA82573C4F1009456A4 /* CustomTabBarApp.swift */ = {isa = PBXFileReference; lastKnownFileType = sourcecode.swift; path = CustomTabBarApp.swift; sourceTree = "<group>"; };
		AE017BAA2573C4F1009456A4 /* ContentView.swift */ = {isa = PBXFileReference; lastKnownFileType = sourcecode.swift; path = ContentView.swift; sourceTree = "<group>"; };
		AE017BAC2573C4F3009456A4 /* Assets.xcassets */ = {isa = PBXFileReference; lastKnownFileType = folder.assetcatalog; path = Assets.xcassets; sourceTree = "<group>"; };
		AE017BAF2573C4F3009456A4 /* Preview Assets.xcassets */ = {isa = PBXFileReference; lastKnownFileType = folder.assetcatalog; path = "Preview Assets.xcassets"; sourceTree = "<group>"; };
		AE017BB12573C4F3009456A4 /* Info.plist */ = {isa = PBXFileReference; lastKnownFileType = text.plist.xml; path = Info.plist; sourceTree = "<group>"; };
		AE017BB62573C4F4009456A4 /* CustomTabBarTests.xctest */ = {isa = PBXFileReference; explicitFileType = wrapper.cfbundle; includeInIndex = 0; path = CustomTabBarTests.xctest; sourceTree = BUILT_PRODUCTS_DIR; };
		AE017BBA2573C4F4009456A4 /* CustomTabBarTests.swift */ = {isa = PBXFileReference; lastKnownFileType = sourcecode.swift; path = CustomTabBarTests.swift; sourceTree = "<group>"; };
		AE017BBC2573C4F4009456A4 /* Info.plist */ = {isa = PBXFileReference; lastKnownFileType = text.plist.xml; path = Info.plist; sourceTree = "<group>"; };
		AE017BC12573C4F4009456A4 /* CustomTabBarUITests.xctest */ = {isa = PBXFileReference; explicitFileType = wrapper.cfbundle; includeInIndex = 0; path = CustomTabBarUITests.xctest; sourceTree = BUILT_PRODUCTS_DIR; };
		AE017BC52573C4F4009456A4 /* CustomTabBarUITests.swift */ = {isa = PBXFileReference; lastKnownFileType = sourcecode.swift; path = CustomTabBarUITests.swift; sourceTree = "<group>"; };
		AE017BC72573C4F4009456A4 /* Info.plist */ = {isa = PBXFileReference; lastKnownFileType = text.plist.xml; path = Info.plist; sourceTree = "<group>"; };
		AE017BDE2573C579009456A4 /* FirstView.swift */ = {isa = PBXFileReference; lastKnownFileType = sourcecode.swift; path = FirstView.swift; sourceTree = "<group>"; };
		AE017BE32573C582009456A4 /* SecondView.swift */ = {isa = PBXFileReference; lastKnownFileType = sourcecode.swift; path = SecondView.swift; sourceTree = "<group>"; };
		AE017BE82573C58C009456A4 /* PushedView.swift */ = {isa = PBXFileReference; lastKnownFileType = sourcecode.swift; path = PushedView.swift; sourceTree = "<group>"; };
/* End PBXFileReference section */

/* Begin PBXFrameworksBuildPhase section */
		AE017BA22573C4F1009456A4 /* Frameworks */ = {
			isa = PBXFrameworksBuildPhase;
			buildActionMask = 2147483647;
			files = (
			);
			runOnlyForDeploymentPostprocessing = 0;
		};
		AE017BB32573C4F4009456A4 /* Frameworks */ = {
			isa = PBXFrameworksBuildPhase;
			buildActionMask = 2147483647;
			files = (
			);
			runOnlyForDeploymentPostprocessing = 0;
		};
		AE017BBE2573C4F4009456A4 /* Frameworks */ = {
			isa = PBXFrameworksBuildPhase;
			buildActionMask = 2147483647;
			files = (
			);
			runOnlyForDeploymentPostprocessing = 0;
		};
/* End PBXFrameworksBuildPhase section */

/* Begin PBXGroup section */
		AE017B9C2573C4F1009456A4 = {
			isa = PBXGroup;
			children = (
				AE017BA72573C4F1009456A4 /* CustomTabBar */,
				AE017BB92573C4F4009456A4 /* CustomTabBarTests */,
				AE017BC42573C4F4009456A4 /* CustomTabBarUITests */,
				AE017BA62573C4F1009456A4 /* Products */,
			);
			sourceTree = "<group>";
		};
		AE017BA62573C4F1009456A4 /* Products */ = {
			isa = PBXGroup;
			children = (
				AE017BA52573C4F1009456A4 /* CustomTabBar.app */,
				AE017BB62573C4F4009456A4 /* CustomTabBarTests.xctest */,
				AE017BC12573C4F4009456A4 /* CustomTabBarUITests.xctest */,
			);
			name = Products;
			sourceTree = "<group>";
		};
		AE017BA72573C4F1009456A4 /* CustomTabBar */ = {
			isa = PBXGroup;
			children = (
				AE017BA82573C4F1009456A4 /* CustomTabBarApp.swift */,
				AE017BAA2573C4F1009456A4 /* ContentView.swift */,
				AE017BDE2573C579009456A4 /* FirstView.swift */,
				AE017BE32573C582009456A4 /* SecondView.swift */,
				AE017BE82573C58C009456A4 /* PushedView.swift */,
				AE017BAC2573C4F3009456A4 /* Assets.xcassets */,
				AE017BB12573C4F3009456A4 /* Info.plist */,
				AE017BAE2573C4F3009456A4 /* Preview Content */,
			);
			path = CustomTabBar;
			sourceTree = "<group>";
		};
		AE017BAE2573C4F3009456A4 /* Preview Content */ = {
			isa = PBXGroup;
			children = (
				AE017BAF2573C4F3009456A4 /* Preview Assets.xcassets */,
			);
			path = "Preview Content";
			sourceTree = "<group>";
		};
		AE017BB92573C4F4009456A4 /* CustomTabBarTests */ = {
			isa = PBXGroup;
			children = (
				AE017BBA2573C4F4009456A4 /* CustomTabBarTests.swift */,
				AE017BBC2573C4F4009456A4 /* Info.plist */,
			);
			path = CustomTabBarTests;
			sourceTree = "<group>";
		};
		AE017BC42573C4F4009456A4 /* CustomTabBarUITests */ = {
			isa = PBXGroup;
			children = (
				AE017BC52573C4F4009456A4 /* CustomTabBarUITests.swift */,
				AE017BC72573C4F4009456A4 /* Info.plist */,
			);
			path = CustomTabBarUITests;
			sourceTree = "<group>";
		};
/* End PBXGroup section */

/* Begin PBXNativeTarget section */
		AE017BA42573C4F1009456A4 /* CustomTabBar */ = {
			isa = PBXNativeTarget;
			buildConfigurationList = AE017BCA2573C4F4009456A4 /* Build configuration list for PBXNativeTarget "CustomTabBar" */;
			buildPhases = (
				AE017BA12573C4F1009456A4 /* Sources */,
				AE017BA22573C4F1009456A4 /* Frameworks */,
				AE017BA32573C4F1009456A4 /* Resources */,
			);
			buildRules = (
			);
			dependencies = (
			);
			name = CustomTabBar;
			productName = CustomTabBar;
			productReference = AE017BA52573C4F1009456A4 /* CustomTabBar.app */;
			productType = "com.apple.product-type.application";
		};
		AE017BB52573C4F4009456A4 /* CustomTabBarTests */ = {
			isa = PBXNativeTarget;
			buildConfigurationList = AE017BCD2573C4F4009456A4 /* Build configuration list for PBXNativeTarget "CustomTabBarTests" */;
			buildPhases = (
				AE017BB22573C4F4009456A4 /* Sources */,
				AE017BB32573C4F4009456A4 /* Frameworks */,
				AE017BB42573C4F4009456A4 /* Resources */,
			);
			buildRules = (
			);
			dependencies = (
				AE017BB82573C4F4009456A4 /* PBXTargetDependency */,
			);
			name = CustomTabBarTests;
			productName = CustomTabBarTests;
			productReference = AE017BB62573C4F4009456A4 /* CustomTabBarTests.xctest */;
			productType = "com.apple.product-type.bundle.unit-test";
		};
		AE017BC02573C4F4009456A4 /* CustomTabBarUITests */ = {
			isa = PBXNativeTarget;
			buildConfigurationList = AE017BD02573C4F4009456A4 /* Build configuration list for PBXNativeTarget "CustomTabBarUITests" */;
			buildPhases = (
				AE017BBD2573C4F4009456A4 /* Sources */,
				AE017BBE2573C4F4009456A4 /* Frameworks */,
				AE017BBF2573C4F4009456A4 /* Resources */,
			);
			buildRules = (
			);
			dependencies = (
				AE017BC32573C4F4009456A4 /* PBXTargetDependency */,
			);
			name = CustomTabBarUITests;
			productName = CustomTabBarUITests;
			productReference = AE017BC12573C4F4009456A4 /* CustomTabBarUITests.xctest */;
			productType = "com.apple.product-type.bundle.ui-testing";
		};
/* End PBXNativeTarget section */

/* Begin PBXProject section */
		AE017B9D2573C4F1009456A4 /* Project object */ = {
			isa = PBXProject;
			attributes = {
				LastSwiftUpdateCheck = 1220;
				LastUpgradeCheck = 1220;
				TargetAttributes = {
					AE017BA42573C4F1009456A4 = {
						CreatedOnToolsVersion = 12.2;
					};
					AE017BB52573C4F4009456A4 = {
						CreatedOnToolsVersion = 12.2;
						TestTargetID = AE017BA42573C4F1009456A4;
					};
					AE017BC02573C4F4009456A4 = {
						CreatedOnToolsVersion = 12.2;
						TestTargetID = AE017BA42573C4F1009456A4;
					};
				};
			};
			buildConfigurationList = AE017BA02573C4F1009456A4 /* Build configuration list for PBXProject "CustomTabBar" */;
			compatibilityVersion = "Xcode 9.3";
			developmentRegion = en;
			hasScannedForEncodings = 0;
			knownRegions = (
				en,
				Base,
			);
			mainGroup = AE017B9C2573C4F1009456A4;
			productRefGroup = AE017BA62573C4F1009456A4 /* Products */;
			projectDirPath = "";
			projectRoot = "";
			targets = (
				AE017BA42573C4F1009456A4 /* CustomTabBar */,
				AE017BB52573C4F4009456A4 /* CustomTabBarTests */,
				AE017BC02573C4F4009456A4 /* CustomTabBarUITests */,
			);
		};
/* End PBXProject section */

/* Begin PBXResourcesBuildPhase section */
		AE017BA32573C4F1009456A4 /* Resources */ = {
			isa = PBXResourcesBuildPhase;
			buildActionMask = 2147483647;
			files = (
				AE017BB02573C4F3009456A4 /* Preview Assets.xcassets in Resources */,
				AE017BAD2573C4F3009456A4 /* Assets.xcassets in Resources */,
			);
			runOnlyForDeploymentPostprocessing = 0;
		};
		AE017BB42573C4F4009456A4 /* Resources */ = {
			isa = PBXResourcesBuildPhase;
			buildActionMask = 2147483647;
			files = (
			);
			runOnlyForDeploymentPostprocessing = 0;
		};
		AE017BBF2573C4F4009456A4 /* Resources */ = {
			isa = PBXResourcesBuildPhase;
			buildActionMask = 2147483647;
			files = (
			);
			runOnlyForDeploymentPostprocessing = 0;
		};
/* End PBXResourcesBuildPhase section */

/* Begin PBXSourcesBuildPhase section */
		AE017BA12573C4F1009456A4 /* Sources */ = {
			isa = PBXSourcesBuildPhase;
			buildActionMask = 2147483647;
			files = (
				AE017BAB2573C4F1009456A4 /* ContentView.swift in Sources */,
				AE017BDF2573C579009456A4 /* FirstView.swift in Sources */,
				AE017BE42573C582009456A4 /* SecondView.swift in Sources */,
				AE017BE92573C58C009456A4 /* PushedView.swift in Sources */,
				AE017BA92573C4F1009456A4 /* CustomTabBarApp.swift in Sources */,
			);
			runOnlyForDeploymentPostprocessing = 0;
		};
		AE017BB22573C4F4009456A4 /* Sources */ = {
			isa = PBXSourcesBuildPhase;
			buildActionMask = 2147483647;
			files = (
				AE017BBB2573C4F4009456A4 /* CustomTabBarTests.swift in Sources */,
			);
			runOnlyForDeploymentPostprocessing = 0;
		};
		AE017BBD2573C4F4009456A4 /* Sources */ = {
			isa = PBXSourcesBuildPhase;
			buildActionMask = 2147483647;
			files = (
				AE017BC62573C4F4009456A4 /* CustomTabBarUITests.swift in Sources */,
			);
			runOnlyForDeploymentPostprocessing = 0;
		};
/* End PBXSourcesBuildPhase section */

/* Begin PBXTargetDependency section */
		AE017BB82573C4F4009456A4 /* PBXTargetDependency */ = {
			isa = PBXTargetDependency;
			target = AE017BA42573C4F1009456A4 /* CustomTabBar */;
			targetProxy = AE017BB72573C4F4009456A4 /* PBXContainerItemProxy */;
		};
		AE017BC32573C4F4009456A4 /* PBXTargetDependency */ = {
			isa = PBXTargetDependency;
			target = AE017BA42573C4F1009456A4 /* CustomTabBar */;
			targetProxy = AE017BC22573C4F4009456A4 /* PBXContainerItemProxy */;
		};
/* End PBXTargetDependency section */

/* Begin XCBuildConfiguration section */
		AE017BC82573C4F4009456A4 /* Debug */ = {
			isa = XCBuildConfiguration;
			buildSettings = {
				ALWAYS_SEARCH_USER_PATHS = NO;
				CLANG_ANALYZER_NONNULL = YES;
				CLANG_ANALYZER_NUMBER_OBJECT_CONVERSION = YES_AGGRESSIVE;
				CLANG_CXX_LANGUAGE_STANDARD = "gnu++14";
				CLANG_CXX_LIBRARY = "libc++";
				CLANG_ENABLE_MODULES = YES;
				CLANG_ENABLE_OBJC_ARC = YES;
				CLANG_ENABLE_OBJC_WEAK = YES;
				CLANG_WARN_BLOCK_CAPTURE_AUTORELEASING = YES;
				CLANG_WARN_BOOL_CONVERSION = YES;
				CLANG_WARN_COMMA = YES;
				CLANG_WARN_CONSTANT_CONVERSION = YES;
				CLANG_WARN_DEPRECATED_OBJC_IMPLEMENTATIONS = YES;
				CLANG_WARN_DIRECT_OBJC_ISA_USAGE = YES_ERROR;
				CLANG_WARN_DOCUMENTATION_COMMENTS = YES;
				CLANG_WARN_EMPTY_BODY = YES;
				CLANG_WARN_ENUM_CONVERSION = YES;
				CLANG_WARN_INFINITE_RECURSION = YES;
				CLANG_WARN_INT_CONVERSION = YES;
				CLANG_WARN_NON_LITERAL_NULL_CONVERSION = YES;
				CLANG_WARN_OBJC_IMPLICIT_RETAIN_SELF = YES;
				CLANG_WARN_OBJC_LITERAL_CONVERSION = YES;
				CLANG_WARN_OBJC_ROOT_CLASS = YES_ERROR;
				CLANG_WARN_QUOTED_INCLUDE_IN_FRAMEWORK_HEADER = YES;
				CLANG_WARN_RANGE_LOOP_ANALYSIS = YES;
				CLANG_WARN_STRICT_PROTOTYPES = YES;
				CLANG_WARN_SUSPICIOUS_MOVE = YES;
				CLANG_WARN_UNGUARDED_AVAILABILITY = YES_AGGRESSIVE;
				CLANG_WARN_UNREACHABLE_CODE = YES;
				CLANG_WARN__DUPLICATE_METHOD_MATCH = YES;
				COPY_PHASE_STRIP = NO;
				DEBUG_INFORMATION_FORMAT = dwarf;
				ENABLE_STRICT_OBJC_MSGSEND = YES;
				ENABLE_TESTABILITY = YES;
				GCC_C_LANGUAGE_STANDARD = gnu11;
				GCC_DYNAMIC_NO_PIC = NO;
				GCC_NO_COMMON_BLOCKS = YES;
				GCC_OPTIMIZATION_LEVEL = 0;
				GCC_PREPROCESSOR_DEFINITIONS = (
					"DEBUG=1",
					"$(inherited)",
				);
				GCC_WARN_64_TO_32_BIT_CONVERSION = YES;
				GCC_WARN_ABOUT_RETURN_TYPE = YES_ERROR;
				GCC_WARN_UNDECLARED_SELECTOR = YES;
				GCC_WARN_UNINITIALIZED_AUTOS = YES_AGGRESSIVE;
				GCC_WARN_UNUSED_FUNCTION = YES;
				GCC_WARN_UNUSED_VARIABLE = YES;
				IPHONEOS_DEPLOYMENT_TARGET = 14.2;
				MTL_ENABLE_DEBUG_INFO = INCLUDE_SOURCE;
				MTL_FAST_MATH = YES;
				ONLY_ACTIVE_ARCH = YES;
				SDKROOT = iphoneos;
				SWIFT_ACTIVE_COMPILATION_CONDITIONS = DEBUG;
				SWIFT_OPTIMIZATION_LEVEL = "-Onone";
			};
			name = Debug;
		};
		AE017BC92573C4F4009456A4 /* Release */ = {
			isa = XCBuildConfiguration;
			buildSettings = {
				ALWAYS_SEARCH_USER_PATHS = NO;
				CLANG_ANALYZER_NONNULL = YES;
				CLANG_ANALYZER_NUMBER_OBJECT_CONVERSION = YES_AGGRESSIVE;
				CLANG_CXX_LANGUAGE_STANDARD = "gnu++14";
				CLANG_CXX_LIBRARY = "libc++";
				CLANG_ENABLE_MODULES = YES;
				CLANG_ENABLE_OBJC_ARC = YES;
				CLANG_ENABLE_OBJC_WEAK = YES;
				CLANG_WARN_BLOCK_CAPTURE_AUTORELEASING = YES;
				CLANG_WARN_BOOL_CONVERSION = YES;
				CLANG_WARN_COMMA = YES;
				CLANG_WARN_CONSTANT_CONVERSION = YES;
				CLANG_WARN_DEPRECATED_OBJC_IMPLEMENTATIONS = YES;
				CLANG_WARN_DIRECT_OBJC_ISA_USAGE = YES_ERROR;
				CLANG_WARN_DOCUMENTATION_COMMENTS = YES;
				CLANG_WARN_EMPTY_BODY = YES;
				CLANG_WARN_ENUM_CONVERSION = YES;
				CLANG_WARN_INFINITE_RECURSION = YES;
				CLANG_WARN_INT_CONVERSION = YES;
				CLANG_WARN_NON_LITERAL_NULL_CONVERSION = YES;
				CLANG_WARN_OBJC_IMPLICIT_RETAIN_SELF = YES;
				CLANG_WARN_OBJC_LITERAL_CONVERSION = YES;
				CLANG_WARN_OBJC_ROOT_CLASS = YES_ERROR;
				CLANG_WARN_QUOTED_INCLUDE_IN_FRAMEWORK_HEADER = YES;
				CLANG_WARN_RANGE_LOOP_ANALYSIS = YES;
				CLANG_WARN_STRICT_PROTOTYPES = YES;
				CLANG_WARN_SUSPICIOUS_MOVE = YES;
				CLANG_WARN_UNGUARDED_AVAILABILITY = YES_AGGRESSIVE;
				CLANG_WARN_UNREACHABLE_CODE = YES;
				CLANG_WARN__DUPLICATE_METHOD_MATCH = YES;
				COPY_PHASE_STRIP = NO;
				DEBUG_INFORMATION_FORMAT = "dwarf-with-dsym";
				ENABLE_NS_ASSERTIONS = NO;
				ENABLE_STRICT_OBJC_MSGSEND = YES;
				GCC_C_LANGUAGE_STANDARD = gnu11;
				GCC_NO_COMMON_BLOCKS = YES;
				GCC_WARN_64_TO_32_BIT_CONVERSION = YES;
				GCC_WARN_ABOUT_RETURN_TYPE = YES_ERROR;
				GCC_WARN_UNDECLARED_SELECTOR = YES;
				GCC_WARN_UNINITIALIZED_AUTOS = YES_AGGRESSIVE;
				GCC_WARN_UNUSED_FUNCTION = YES;
				GCC_WARN_UNUSED_VARIABLE = YES;
				IPHONEOS_DEPLOYMENT_TARGET = 14.2;
				MTL_ENABLE_DEBUG_INFO = NO;
				MTL_FAST_MATH = YES;
				SDKROOT = iphoneos;
				SWIFT_COMPILATION_MODE = wholemodule;
				SWIFT_OPTIMIZATION_LEVEL = "-O";
				VALIDATE_PRODUCT = YES;
			};
			name = Release;
		};
		AE017BCB2573C4F4009456A4 /* Debug */ = {
			isa = XCBuildConfiguration;
			buildSettings = {
				ASSETCATALOG_COMPILER_APPICON_NAME = AppIcon;
				ASSETCATALOG_COMPILER_GLOBAL_ACCENT_COLOR_NAME = AccentColor;
				CODE_SIGN_STYLE = Automatic;
				DEVELOPMENT_ASSET_PATHS = "\"CustomTabBar/Preview Content\"";
				DEVELOPMENT_TEAM = EXFLLHNZ66;
				ENABLE_PREVIEWS = YES;
				INFOPLIST_FILE = CustomTabBar/Info.plist;
				IPHONEOS_DEPLOYMENT_TARGET = 14.0;
				LD_RUNPATH_SEARCH_PATHS = (
					"$(inherited)",
					"@executable_path/Frameworks",
				);
				PRODUCT_BUNDLE_IDENTIFIER = net.jlbiz.CustomTabBar;
				PRODUCT_NAME = "$(TARGET_NAME)";
				SWIFT_VERSION = 5.0;
				TARGETED_DEVICE_FAMILY = "1,2";
			};
			name = Debug;
		};
		AE017BCC2573C4F4009456A4 /* Release */ = {
			isa = XCBuildConfiguration;
			buildSettings = {
				ASSETCATALOG_COMPILER_APPICON_NAME = AppIcon;
				ASSETCATALOG_COMPILER_GLOBAL_ACCENT_COLOR_NAME = AccentColor;
				CODE_SIGN_STYLE = Automatic;
				DEVELOPMENT_ASSET_PATHS = "\"CustomTabBar/Preview Content\"";
				DEVELOPMENT_TEAM = EXFLLHNZ66;
				ENABLE_PREVIEWS = YES;
				INFOPLIST_FILE = CustomTabBar/Info.plist;
				IPHONEOS_DEPLOYMENT_TARGET = 14.0;
				LD_RUNPATH_SEARCH_PATHS = (
					"$(inherited)",
					"@executable_path/Frameworks",
				);
				PRODUCT_BUNDLE_IDENTIFIER = net.jlbiz.CustomTabBar;
				PRODUCT_NAME = "$(TARGET_NAME)";
				SWIFT_VERSION = 5.0;
				TARGETED_DEVICE_FAMILY = "1,2";
			};
			name = Release;
		};
		AE017BCE2573C4F4009456A4 /* Debug */ = {
			isa = XCBuildConfiguration;
			buildSettings = {
				ALWAYS_EMBED_SWIFT_STANDARD_LIBRARIES = YES;
				BUNDLE_LOADER = "$(TEST_HOST)";
				CODE_SIGN_STYLE = Automatic;
				DEVELOPMENT_TEAM = EXFLLHNZ66;
				INFOPLIST_FILE = CustomTabBarTests/Info.plist;
				IPHONEOS_DEPLOYMENT_TARGET = 14.0;
				LD_RUNPATH_SEARCH_PATHS = (
					"$(inherited)",
					"@executable_path/Frameworks",
					"@loader_path/Frameworks",
				);
				PRODUCT_BUNDLE_IDENTIFIER = net.jlbiz.CustomTabBarTests;
				PRODUCT_NAME = "$(TARGET_NAME)";
				SWIFT_VERSION = 5.0;
				TARGETED_DEVICE_FAMILY = "1,2";
				TEST_HOST = "$(BUILT_PRODUCTS_DIR)/CustomTabBar.app/CustomTabBar";
			};
			name = Debug;
		};
		AE017BCF2573C4F4009456A4 /* Release */ = {
			isa = XCBuildConfiguration;
			buildSettings = {
				ALWAYS_EMBED_SWIFT_STANDARD_LIBRARIES = YES;
				BUNDLE_LOADER = "$(TEST_HOST)";
				CODE_SIGN_STYLE = Automatic;
				DEVELOPMENT_TEAM = EXFLLHNZ66;
				INFOPLIST_FILE = CustomTabBarTests/Info.plist;
				IPHONEOS_DEPLOYMENT_TARGET = 14.0;
				LD_RUNPATH_SEARCH_PATHS = (
					"$(inherited)",
					"@executable_path/Frameworks",
					"@loader_path/Frameworks",
				);
				PRODUCT_BUNDLE_IDENTIFIER = net.jlbiz.CustomTabBarTests;
				PRODUCT_NAME = "$(TARGET_NAME)";
				SWIFT_VERSION = 5.0;
				TARGETED_DEVICE_FAMILY = "1,2";
				TEST_HOST = "$(BUILT_PRODUCTS_DIR)/CustomTabBar.app/CustomTabBar";
			};
			name = Release;
		};
		AE017BD12573C4F4009456A4 /* Debug */ = {
			isa = XCBuildConfiguration;
			buildSettings = {
				ALWAYS_EMBED_SWIFT_STANDARD_LIBRARIES = YES;
				CODE_SIGN_STYLE = Automatic;
				DEVELOPMENT_TEAM = EXFLLHNZ66;
				INFOPLIST_FILE = CustomTabBarUITests/Info.plist;
				LD_RUNPATH_SEARCH_PATHS = (
					"$(inherited)",
					"@executable_path/Frameworks",
					"@loader_path/Frameworks",
				);
				PRODUCT_BUNDLE_IDENTIFIER = net.jlbiz.CustomTabBarUITests;
				PRODUCT_NAME = "$(TARGET_NAME)";
				SWIFT_VERSION = 5.0;
				TARGETED_DEVICE_FAMILY = "1,2";
				TEST_TARGET_NAME = CustomTabBar;
			};
			name = Debug;
		};
		AE017BD22573C4F4009456A4 /* Release */ = {
			isa = XCBuildConfiguration;
			buildSettings = {
				ALWAYS_EMBED_SWIFT_STANDARD_LIBRARIES = YES;
				CODE_SIGN_STYLE = Automatic;
				DEVELOPMENT_TEAM = EXFLLHNZ66;
				INFOPLIST_FILE = CustomTabBarUITests/Info.plist;
				LD_RUNPATH_SEARCH_PATHS = (
					"$(inherited)",
					"@executable_path/Frameworks",
					"@loader_path/Frameworks",
				);
				PRODUCT_BUNDLE_IDENTIFIER = net.jlbiz.CustomTabBarUITests;
				PRODUCT_NAME = "$(TARGET_NAME)";
				SWIFT_VERSION = 5.0;
				TARGETED_DEVICE_FAMILY = "1,2";
				TEST_TARGET_NAME = CustomTabBar;
			};
			name = Release;
		};
/* End XCBuildConfiguration section */

/* Begin XCConfigurationList section */
		AE017BA02573C4F1009456A4 /* Build configuration list for PBXProject "CustomTabBar" */ = {
			isa = XCConfigurationList;
			buildConfigurations = (
				AE017BC82573C4F4009456A4 /* Debug */,
				AE017BC92573C4F4009456A4 /* Release */,
			);
			defaultConfigurationIsVisible = 0;
			defaultConfigurationName = Release;
		};
		AE017BCA2573C4F4009456A4 /* Build configuration list for PBXNativeTarget "CustomTabBar" */ = {
			isa = XCConfigurationList;
			buildConfigurations = (
				AE017BCB2573C4F4009456A4 /* Debug */,
				AE017BCC2573C4F4009456A4 /* Release */,
			);
			defaultConfigurationIsVisible = 0;
			defaultConfigurationName = Release;
		};
		AE017BCD2573C4F4009456A4 /* Build configuration list for PBXNativeTarget "CustomTabBarTests" */ = {
			isa = XCConfigurationList;
			buildConfigurations = (
				AE017BCE2573C4F4009456A4 /* Debug */,
				AE017BCF2573C4F4009456A4 /* Release */,
			);
			defaultConfigurationIsVisible = 0;
			defaultConfigurationName = Release;
		};
		AE017BD02573C4F4009456A4 /* Build configuration list for PBXNativeTarget "CustomTabBarUITests" */ = {
			isa = XCConfigurationList;
			buildConfigurations = (
				AE017BD12573C4F4009456A4 /* Debug */,
				AE017BD22573C4F4009456A4 /* Release */,
			);
			defaultConfigurationIsVisible = 0;
			defaultConfigurationName = Release;
		};
/* End XCConfigurationList section */
	};
	rootObject = AE017B9D2573C4F1009456A4 /* Project object */;
}
